<?xml version="1.0" encoding="utf-8"?>
<Project ToolsVersion="4.0" xmlns="http://schemas.microsoft.com/developer/msbuild/2003">
  <ItemGroup>
    <Filter Include="Source Files">
      <UniqueIdentifier>{4FC737F1-C7A5-4376-A066-2A32D752A2FF}</UniqueIdentifier>
      <Extensions>cpp;c;cc;cxx;c++;cppm;ixx;def;odl;idl;hpj;bat;asm;asmx</Extensions>
    </Filter>
    <Filter Include="Header Files">
      <UniqueIdentifier>{93995380-89BD-4b04-88EB-625FBE52EBFB}</UniqueIdentifier>
      <Extensions>h;hh;hpp;hxx;h++;hm;inl;inc;ipp;xsd</Extensions>
    </Filter>
    <Filter Include="Resource Files">
      <UniqueIdentifier>{67DA6AB6-F800-4c08-8B7A-83BB121AAD01}</UniqueIdentifier>
      <Extensions>rc;ico;cur;bmp;dlg;rc2;rct;bin;rgs;gif;jpg;jpeg;jpe;resx;tiff;tif;png;wav;mfcribbon-ms</Extensions>
    </Filter>
    <Filter Include="Source Files\Component">
      <UniqueIdentifier>{64940f0a-7b99-40e1-a393-5fe377f073ff}</UniqueIdentifier>
    </Filter>
    <Filter Include="Header Files\Component">
      <UniqueIdentifier>{13794aab-e5a5-4e4e-a819-9338adbf86ae}</UniqueIdentifier>
    </Filter>
    <Filter Include="Source Files\Command">
      <UniqueIdentifier>{df8edda9-1d54-4602-acca-ad21e547ff82}</UniqueIdentifier>
    </Filter>
    <Filter Include="Header Files\Command">
      <UniqueIdentifier>{3bfe10b5-fea9-405f-a420-3248577843ad}</UniqueIdentifier>
    </Filter>
  </ItemGroup>
  <ItemGroup>
    <ClCompile Include="FPSComp.cpp">
      <Filter>Source Files\Component</Filter>
    </ClCompile>
    <ClCompile Include="GameActorComp.cpp">
      <Filter>Source Files\Component</Filter>
    </ClCompile>
    <ClCompile Include="HealthComp.cpp">
      <Filter>Source Files\Component</Filter>
    </ClCompile>
    <ClCompile Include="RotationComp.cpp">
      <Filter>Source Files\Component</Filter>
    </ClCompile>
    <ClCompile Include="ScoreComp.cpp">
      <Filter>Source Files\Component</Filter>
    </ClCompile>
    <ClCompile Include="UIHealthComp.cpp">
      <Filter>Source Files\Component</Filter>
    </ClCompile>
    <ClCompile Include="UIScoreComp.cpp">
      <Filter>Source Files\Component</Filter>
    </ClCompile>
    <ClCompile Include="GameProject.cpp">
      <Filter>Source Files</Filter>
    </ClCompile>
    <ClCompile Include="GameActorCommands.cpp">
      <Filter>Source Files\Command</Filter>
    </ClCompile>
  </ItemGroup>
  <ItemGroup>
    <ClInclude Include="GameComponents.h">
      <Filter>Header Files\Component</Filter>
    </ClInclude>
    <ClInclude Include="FPSComp.h">
      <Filter>Header Files\Component</Filter>
    </ClInclude>
    <ClInclude Include="GameActorComp.h">
      <Filter>Header Files\Component</Filter>
    </ClInclude>
    <ClInclude Include="HealthComp.h">
      <Filter>Header Files\Component</Filter>
    </ClInclude>
    <ClInclude Include="RotationComp.h">
      <Filter>Header Files\Component</Filter>
    </ClInclude>
    <ClInclude Include="ScoreComp.h">
      <Filter>Header Files\Component</Filter>
    </ClInclude>
    <ClInclude Include="UIHealthComp.h">
      <Filter>Header Files\Component</Filter>
    </ClInclude>
    <ClInclude Include="UIScoreComp.h">
      <Filter>Header Files\Component</Filter>
    </ClInclude>
    <ClInclude Include="GameActorCommands.h">
      <Filter>Header Files\Command</Filter>
    </ClInclude>
  </ItemGroup>
</Project>