<?xml version="1.0" encoding="utf-8"?>
<Project ToolsVersion="4.0" xmlns="http://schemas.microsoft.com/developer/msbuild/2003">
  <ItemGroup>
    <Filter Include="Source Files">
      <UniqueIdentifier>{4FC737F1-C7A5-4376-A066-2A32D752A2FF}</UniqueIdentifier>
      <Extensions>cpp;c;cc;cxx;c++;cppm;ixx;def;odl;idl;hpj;bat;asm;asmx</Extensions>
    </Filter>
    <Filter Include="Header Files">
      <UniqueIdentifier>{93995380-89BD-4b04-88EB-625FBE52EBFB}</UniqueIdentifier>
      <Extensions>h;hh;hpp;hxx;h++;hm;inl;inc;ipp;xsd</Extensions>
    </Filter>
    <Filter Include="Resource Files">
      <UniqueIdentifier>{67DA6AB6-F800-4c08-8B7A-83BB121AAD01}</UniqueIdentifier>
      <Extensions>rc;ico;cur;bmp;dlg;rc2;rct;bin;rgs;gif;jpg;jpeg;jpe;resx;tiff;tif;png;wav;mfcribbon-ms</Extensions>
    </Filter>
    <Filter Include="Header Files\Components">
      <UniqueIdentifier>{ee1c752a-344e-4a0c-8807-ca323bd60115}</UniqueIdentifier>
    </Filter>
    <Filter Include="Header Files\Commands">
      <UniqueIdentifier>{68e6d9bd-9cd1-4645-8fd0-b2655495d304}</UniqueIdentifier>
    </Filter>
    <Filter Include="Source Files\Components">
      <UniqueIdentifier>{9849c2f0-efe1-4750-aa2f-762e311aaa1f}</UniqueIdentifier>
    </Filter>
    <Filter Include="Source Files\Commands">
      <UniqueIdentifier>{7b474761-48cf-409e-9d37-ac49a3dd0632}</UniqueIdentifier>
    </Filter>
    <Filter Include="Source Files\MovementStates">
      <UniqueIdentifier>{c16a6215-52dd-4124-a57d-1fbc591b06d1}</UniqueIdentifier>
    </Filter>
    <Filter Include="Header Files\MovementStates">
      <UniqueIdentifier>{5656d094-7d8b-475b-8cba-ece054a0816b}</UniqueIdentifier>
    </Filter>
  </ItemGroup>
  <ItemGroup>
    <ClCompile Include="Bomberman.cpp">
      <Filter>Source Files</Filter>
    </ClCompile>
    <ClCompile Include="LevelComp.cpp">
      <Filter>Source Files\Components</Filter>
    </ClCompile>
    <ClCompile Include="GameActorComp.cpp">
      <Filter>Source Files\Components</Filter>
    </ClCompile>
    <ClCompile Include="GameActorCommands.cpp">
      <Filter>Source Files\Commands</Filter>
    </ClCompile>
    <ClCompile Include="ObjectConstructions.cpp">
      <Filter>Source Files</Filter>
    </ClCompile>
    <ClCompile Include="TileComp.cpp">
      <Filter>Source Files\Components</Filter>
    </ClCompile>
    <ClCompile Include="TimerComp.cpp">
      <Filter>Source Files\Components</Filter>
    </ClCompile>
    <ClCompile Include="BaseEntityComp.cpp">
      <Filter>Source Files\Components</Filter>
    </ClCompile>
  </ItemGroup>
  <ItemGroup>
    <ClInclude Include="LevelComp.h">
      <Filter>Header Files\Components</Filter>
    </ClInclude>
    <ClInclude Include="GameActorComp.h">
      <Filter>Header Files\Components</Filter>
    </ClInclude>
    <ClInclude Include="GameActorCommands.h">
      <Filter>Header Files\Commands</Filter>
    </ClInclude>
    <ClInclude Include="BMComponents.h">
      <Filter>Header Files\Components</Filter>
    </ClInclude>
    <ClInclude Include="BMGameDefines.h">
      <Filter>Header Files</Filter>
    </ClInclude>
    <ClInclude Include="ObjectConstructions.h">
      <Filter>Header Files</Filter>
    </ClInclude>
    <ClInclude Include="TileComp.h">
      <Filter>Header Files\Components</Filter>
    </ClInclude>
    <ClInclude Include="TimerComp.h">
      <Filter>Header Files\Components</Filter>
    </ClInclude>
    <ClInclude Include="BaseEntityComp.h">
      <Filter>Header Files\Components</Filter>
    </ClInclude>
  </ItemGroup>
  <ItemGroup>
    <None Include="imgui.ini" />
  </ItemGroup>
</Project>